
Microsoft Visual Studio Solution File, Format Version 12.00
# Visual Studio Version 17
VisualStudioVersion = 17.10.35013.160
MinimumVisualStudioVersion = 10.0.40219.1
Project("{9A19103F-16F7-4668-BE54-9A1E7A4F7556}") = "Suriscode API", "Suriscode API.csproj", "{910C76FB-48F7-4B0A-A93B-2966A1360D7E}"
EndProject
Project("{9A19103F-16F7-4668-BE54-9A1E7A4F7556}") = "SuriscodeApiTest", "..\SuriscodeApiTest\SuriscodeApiTest.csproj", "{6D447D39-4F36-4714-9EF5-3F8DCA8FA164}"
EndProject
Global
	GlobalSection(SolutionConfigurationPlatforms) = preSolution
		Debug|Any CPU = Debug|Any CPU
		Release|Any CPU = Release|Any CPU
	EndGlobalSection
	GlobalSection(ProjectConfigurationPlatforms) = postSolution
		{910C76FB-48F7-4B0A-A93B-2966A1360D7E}.Debug|Any CPU.ActiveCfg = Debug|Any CPU
		{910C76FB-48F7-4B0A-A93B-2966A1360D7E}.Debug|Any CPU.Build.0 = Debug|Any CPU
		{910C76FB-48F7-4B0A-A93B-2966A1360D7E}.Release|Any CPU.ActiveCfg = Release|Any CPU
		{910C76FB-48F7-4B0A-A93B-2966A1360D7E}.Release|Any CPU.Build.0 = Release|Any CPU
		{6D447D39-4F36-4714-9EF5-3F8DCA8FA164}.Debug|Any CPU.ActiveCfg = Debug|Any CPU
		{6D447D39-4F36-4714-9EF5-3F8DCA8FA164}.Debug|Any CPU.Build.0 = Debug|Any CPU
		{6D447D39-4F36-4714-9EF5-3F8DCA8FA164}.Release|Any CPU.ActiveCfg = Release|Any CPU
		{6D447D39-4F36-4714-9EF5-3F8DCA8FA164}.Release|Any CPU.Build.0 = Release|Any CPU
	EndGlobalSection
	GlobalSection(SolutionProperties) = preSolution
		HideSolutionNode = FALSE
	EndGlobalSection
	GlobalSection(ExtensibilityGlobals) = postSolution
		SolutionGuid = {99257F07-E494-48A4-805A-8DC0492E5465}
	EndGlobalSection
EndGlobal
